
Microsoft Visual Studio Solution File, Format Version 12.00
# Visual Studio Version 16
VisualStudioVersion = 16.0.30114.105
MinimumVisualStudioVersion = 10.0.40219.1
Project("{FAE04EC0-301F-11D3-BF4B-00C04F79EFBC}") = "reFlex", "reFlex\reFlex.csproj", "{0D0D4861-D4AF-4BD4-9AB4-4F077B26AE4E}"
EndProject
Global
	GlobalSection(SolutionConfigurationPlatforms) = preSolution
		Debug|Any CPU = Debug|Any CPU
		Release|Any CPU = Release|Any CPU
	EndGlobalSection
	GlobalSection(ProjectConfigurationPlatforms) = postSolution
		{0D0D4861-D4AF-4BD4-9AB4-4F077B26AE4E}.Debug|Any CPU.ActiveCfg = Debug|Any CPU
		{0D0D4861-D4AF-4BD4-9AB4-4F077B26AE4E}.Debug|Any CPU.Build.0 = Debug|Any CPU
		{0D0D4861-D4AF-4BD4-9AB4-4F077B26AE4E}.Release|Any CPU.ActiveCfg = Release|Any CPU
		{0D0D4861-D4AF-4BD4-9AB4-4F077B26AE4E}.Release|Any CPU.Build.0 = Release|Any CPU
	EndGlobalSection
	GlobalSection(SolutionProperties) = preSolution
		HideSolutionNode = FALSE
	EndGlobalSection
	GlobalSection(ExtensibilityGlobals) = postSolution
		SolutionGuid = {B68AB950-9884-4BC5-9233-89ED50A8DDE5}
	EndGlobalSection
EndGlobal
